<?xml version="1.0" encoding="utf-8"?>
<Project ToolsVersion="4.0" xmlns="http://schemas.microsoft.com/developer/msbuild/2003">
  <ItemGroup>
    <Filter Include="uwp">
      <UniqueIdentifier>{6880093d-1e73-4ac6-9f6a-950cca9a7402}</UniqueIdentifier>
    </Filter>
    <Filter Include="desktop">
      <UniqueIdentifier>{e986c72a-d0a4-4c3e-b1f4-9982a0bedc01}</UniqueIdentifier>
    </Filter>
    <Filter Include="cli">
      <UniqueIdentifier>{228d8f6f-06dc-4571-a62a-666ba0ccfbb0}</UniqueIdentifier>
    </Filter>
  </ItemGroup>
  <ItemGroup>
    <ClInclude Include="$(MSBuildThisFileDirectory)include\robmikh.common\composition.interop.h">
      <Filter>uwp</Filter>
    </ClInclude>
    <ClInclude Include="$(MSBuildThisFileDirectory)include\robmikh.common\d3dHelpers.h">
      <Filter>uwp</Filter>
    </ClInclude>
    <ClInclude Include="$(MSBuildThisFileDirectory)include\robmikh.common\direct3d11.interop.h">
      <Filter>uwp</Filter>
    </ClInclude>
    <ClInclude Include="$(MSBuildThisFileDirectory)include\robmikh.common\stream.interop.h">
      <Filter>uwp</Filter>
    </ClInclude>
    <ClInclude Include="$(MSBuildThisFileDirectory)include\robmikh.common\capture.desktop.interop.h">
      <Filter>desktop</Filter>
    </ClInclude>
    <ClInclude Include="$(MSBuildThisFileDirectory)include\robmikh.common\composition.desktop.interop.h">
      <Filter>desktop</Filter>
    </ClInclude>
    <ClInclude Include="$(MSBuildThisFileDirectory)include\robmikh.common\DesktopWindow.h">
      <Filter>desktop</Filter>
    </ClInclude>
    <ClInclude Include="$(MSBuildThisFileDirectory)include\robmikh.common\dispatcherqueue.desktop.interop.h">
      <Filter>desktop</Filter>
    </ClInclude>
    <ClInclude Include="$(MSBuildThisFileDirectory)include\robmikh.common\hwnd.interop.h">
      <Filter>desktop</Filter>
    </ClInclude>
    <ClInclude Include="$(MSBuildThisFileDirectory)include\robmikh.common\d3dHelpers.desktop.h">
      <Filter>desktop</Filter>
    </ClInclude>
    <ClInclude Include="$(MSBuildThisFileDirectory)include\robmikh.common\wcliparse.h">
      <Filter>cli</Filter>
    </ClInclude>
    <ClInclude Include="$(MSBuildThisFileDirectory)include\robmikh.common\graphics.interop.h">
      <Filter>uwp</Filter>
    </ClInclude>
    <ClInclude Include="$(MSBuildThisFileDirectory)include\robmikh.common\WindowInfo.h">
      <Filter>desktop</Filter>
    </ClInclude>
    <ClInclude Include="$(MSBuildThisFileDirectory)include\robmikh.common\ControlsHelper.h">
      <Filter>desktop</Filter>
    </ClInclude>
    <ClInclude Include="$(MSBuildThisFileDirectory)include\robmikh.common\mfHelpers.h">
      <Filter>uwp</Filter>
    </ClInclude>
    <ClInclude Include="$(MSBuildThisFileDirectory)include\robmikh.common\DisplayInfo.h">
      <Filter>desktop</Filter>
    </ClInclude>
    <ClInclude Include="$(MSBuildThisFileDirectory)include\robmikh.common\shellHelpers.desktop.h">
      <Filter>desktop</Filter>
    </ClInclude>
    <ClInclude Include="$(MSBuildThisFileDirectory)include\robmikh.common\customBuffers.h">
      <Filter>uwp</Filter>
    </ClInclude>
    <ClInclude Include="$(MSBuildThisFileDirectory)include\robmikh.common\imaging.h">
      <Filter>uwp</Filter>
    </ClInclude>
    <ClInclude Include="$(MSBuildThisFileDirectory)include\robmikh.common\storage.desktop.h">
      <Filter>desktop</Filter>
    </ClInclude>
    <ClInclude Include="$(MSBuildThisFileDirectory)include\robmikh.common\composition.effects.h">
      <Filter>uwp</Filter>
    </ClInclude>
  </ItemGroup>
</Project>