
Microsoft Visual Studio Solution File, Format Version 12.00
# Visual Studio Version 16
VisualStudioVersion = 16.0.30907.101
MinimumVisualStudioVersion = 10.0.40219.1
Project("{FAE04EC0-301F-11D3-BF4B-00C04F79EFBC}") = "robmikh.common.templates", "robmikh.common.templates.csproj", "{DBF2F60F-922D-4B52-9D25-F4A67D18629D}"
EndProject
Global
	GlobalSection(SolutionConfigurationPlatforms) = preSolution
		Debug|Any CPU = Debug|Any CPU
		Release|Any CPU = Release|Any CPU
	EndGlobalSection
	GlobalSection(ProjectConfigurationPlatforms) = postSolution
		{DBF2F60F-922D-4B52-9D25-F4A67D18629D}.Debug|Any CPU.ActiveCfg = Debug|Any CPU
		{DBF2F60F-922D-4B52-9D25-F4A67D18629D}.Debug|Any CPU.Build.0 = Debug|Any CPU
		{DBF2F60F-922D-4B52-9D25-F4A67D18629D}.Release|Any CPU.ActiveCfg = Release|Any CPU
		{DBF2F60F-922D-4B52-9D25-F4A67D18629D}.Release|Any CPU.Build.0 = Release|Any CPU
	EndGlobalSection
	GlobalSection(SolutionProperties) = preSolution
		HideSolutionNode = FALSE
	EndGlobalSection
	GlobalSection(ExtensibilityGlobals) = postSolution
		SolutionGuid = {40B10DAB-0716-440F-AC97-6D0BF9165331}
	EndGlobalSection
EndGlobal
